
Microsoft Visual Studio Solution File, Format Version 12.00
# Visual Studio 15
VisualStudioVersion = 15.0.27428.2011
MinimumVisualStudioVersion = 10.0.40219.1
Project("{FAE04EC0-301F-11D3-BF4B-00C04F79EFBC}") = "AirTrafficMonitoring", "AirTrafficMonitoring\AirTrafficMonitoring.csproj", "{91B5D806-1A04-4A23-9DAB-3B9585F49C6C}"
EndProject
Project("{FAE04EC0-301F-11D3-BF4B-00C04F79EFBC}") = "AirTrafMoni.Test.Unit", "AirTrafMoni.Test.Unit\AirTrafMoni.Test.Unit.csproj", "{CAA23906-E1ED-4DD2-83DC-C229FD806450}"
EndProject
Project("{FAE04EC0-301F-11D3-BF4B-00C04F79EFBC}") = "Application", "TestAfDLL\Application.csproj", "{609378CC-1F1D-466F-B18A-8CB1CB1C0E4C}"
EndProject
Project("{FAE04EC0-301F-11D3-BF4B-00C04F79EFBC}") = "AirTrafMoni.Test.Integr", "AirTrafMoni.Test.Integr\AirTrafMoni.Test.Integr.csproj", "{B1F81B4F-9CEA-4F2C-B52C-9130888CCE9B}"
EndProject
Global
	GlobalSection(SolutionConfigurationPlatforms) = preSolution
		Debug|Any CPU = Debug|Any CPU
		Release|Any CPU = Release|Any CPU
	EndGlobalSection
	GlobalSection(ProjectConfigurationPlatforms) = postSolution
		{91B5D806-1A04-4A23-9DAB-3B9585F49C6C}.Debug|Any CPU.ActiveCfg = Debug|Any CPU
		{91B5D806-1A04-4A23-9DAB-3B9585F49C6C}.Debug|Any CPU.Build.0 = Debug|Any CPU
		{91B5D806-1A04-4A23-9DAB-3B9585F49C6C}.Release|Any CPU.ActiveCfg = Release|Any CPU
		{91B5D806-1A04-4A23-9DAB-3B9585F49C6C}.Release|Any CPU.Build.0 = Release|Any CPU
		{CAA23906-E1ED-4DD2-83DC-C229FD806450}.Debug|Any CPU.ActiveCfg = Debug|Any CPU
		{CAA23906-E1ED-4DD2-83DC-C229FD806450}.Debug|Any CPU.Build.0 = Debug|Any CPU
		{CAA23906-E1ED-4DD2-83DC-C229FD806450}.Release|Any CPU.ActiveCfg = Release|Any CPU
		{CAA23906-E1ED-4DD2-83DC-C229FD806450}.Release|Any CPU.Build.0 = Release|Any CPU
		{609378CC-1F1D-466F-B18A-8CB1CB1C0E4C}.Debug|Any CPU.ActiveCfg = Debug|Any CPU
		{609378CC-1F1D-466F-B18A-8CB1CB1C0E4C}.Debug|Any CPU.Build.0 = Debug|Any CPU
		{609378CC-1F1D-466F-B18A-8CB1CB1C0E4C}.Release|Any CPU.ActiveCfg = Release|Any CPU
		{609378CC-1F1D-466F-B18A-8CB1CB1C0E4C}.Release|Any CPU.Build.0 = Release|Any CPU
		{B1F81B4F-9CEA-4F2C-B52C-9130888CCE9B}.Debug|Any CPU.ActiveCfg = Debug|Any CPU
		{B1F81B4F-9CEA-4F2C-B52C-9130888CCE9B}.Debug|Any CPU.Build.0 = Debug|Any CPU
		{B1F81B4F-9CEA-4F2C-B52C-9130888CCE9B}.Release|Any CPU.ActiveCfg = Release|Any CPU
		{B1F81B4F-9CEA-4F2C-B52C-9130888CCE9B}.Release|Any CPU.Build.0 = Release|Any CPU
	EndGlobalSection
	GlobalSection(SolutionProperties) = preSolution
		HideSolutionNode = FALSE
	EndGlobalSection
	GlobalSection(ExtensibilityGlobals) = postSolution
		SolutionGuid = {BC14D3F8-D695-4F9E-9D37-3E8F67A737F3}
	EndGlobalSection
EndGlobal
